{"1.1.0",
[{<<"cowlib">>,{pkg,<<"cowlib">>,<<"2.6.0">>},1},
 {<<"gun">>,{pkg,<<"gun">>,<<"1.3.0">>},0},
 {<<"iso8601">>,{pkg,<<"iso8601">>,<<"1.3.1">>},0},
 {<<"jiffy">>,{pkg,<<"jiffy">>,<<"1.0.1">>},0}]}.
[
{pkg_hash,[
 {<<"cowlib">>, <<"8AA629F81A0FC189F261DC98A42243FA842625FEEA3C7EC56C48F4CCDB55490F">>},
 {<<"gun">>, <<"18E5D269649C987AF95AEC309F68A27FFC3930531DD227A6EAA0884D6684286E">>},
 {<<"iso8601">>, <<"D1CEE73F56D71C35590C6B2DB2074873BF410BABAAB768F6EA566366D8CA4810">>},
 {<<"jiffy">>, <<"4F25639772CA41202F41BA9C8F6CA0933554283DD4742C90651E03471C55E341">>}]}
].
